
Microsoft Visual Studio Solution File, Format Version 12.00
# Visual Studio Version 17
VisualStudioVersion = 17.0.31903.59
MinimumVisualStudioVersion = 10.0.40219.1
Project("{2150E333-8FDC-42A3-9474-1A3956D46DE8}") = "src", "src", "{11311BCA-8D68-48F1-8907-B49152A3B83B}"
EndProject
Project("{FAE04EC0-301F-11D3-BF4B-00C04F79EFBC}") = "SmbSpeedDoctor.Core", "src\SmbSpeedDoctor.Core\SmbSpeedDoctor.Core.csproj", "{6B25E8BF-6F2B-4866-9BBF-5B3592A36BCB}"
EndProject
Project("{FAE04EC0-301F-11D3-BF4B-00C04F79EFBC}") = "SmbSpeedDoctor.Cli", "src\SmbSpeedDoctor.Cli\SmbSpeedDoctor.Cli.csproj", "{D455E681-9370-406C-BB2C-FE947A190D2C}"
EndProject
Project("{2150E333-8FDC-42A3-9474-1A3956D46DE8}") = "tests", "tests", "{E766B542-B628-488D-8C28-DBC95C68F2F2}"
EndProject
Project("{FAE04EC0-301F-11D3-BF4B-00C04F79EFBC}") = "SmbSpeedDoctor.Tests", "tests\SmbSpeedDoctor.Tests\SmbSpeedDoctor.Tests.csproj", "{C8850A5A-C48E-4AA8-956B-74B205FD2739}"
EndProject
Project("{FAE04EC0-301F-11D3-BF4B-00C04F79EFBC}") = "SmbSpeedDoctor.Gui", "src\SmbSpeedDoctor.Gui\SmbSpeedDoctor.Gui.csproj", "{EA1F94C4-24CF-4BFD-B477-EC5110820D23}"
EndProject
Project("{FAE04EC0-301F-11D3-BF4B-00C04F79EFBC}") = "SmbSpeedDoctor.Core.Windows", "src\SmbSpeedDoctor.Core.Windows\SmbSpeedDoctor.Core.Windows.csproj", "{370EBB6B-D646-42B8-83F8-46654261EDF5}"
EndProject
Global
	GlobalSection(SolutionConfigurationPlatforms) = preSolution
		Debug|Any CPU = Debug|Any CPU
		Release|Any CPU = Release|Any CPU
	EndGlobalSection
	GlobalSection(SolutionProperties) = preSolution
		HideSolutionNode = FALSE
	EndGlobalSection
	GlobalSection(ProjectConfigurationPlatforms) = postSolution
		{6B25E8BF-6F2B-4866-9BBF-5B3592A36BCB}.Debug|Any CPU.ActiveCfg = Debug|Any CPU
		{6B25E8BF-6F2B-4866-9BBF-5B3592A36BCB}.Debug|Any CPU.Build.0 = Debug|Any CPU
		{6B25E8BF-6F2B-4866-9BBF-5B3592A36BCB}.Release|Any CPU.ActiveCfg = Release|Any CPU
		{6B25E8BF-6F2B-4866-9BBF-5B3592A36BCB}.Release|Any CPU.Build.0 = Release|Any CPU
		{D455E681-9370-406C-BB2C-FE947A190D2C}.Debug|Any CPU.ActiveCfg = Debug|Any CPU
		{D455E681-9370-406C-BB2C-FE947A190D2C}.Debug|Any CPU.Build.0 = Debug|Any CPU
		{D455E681-9370-406C-BB2C-FE947A190D2C}.Release|Any CPU.ActiveCfg = Release|Any CPU
		{D455E681-9370-406C-BB2C-FE947A190D2C}.Release|Any CPU.Build.0 = Release|Any CPU
		{C8850A5A-C48E-4AA8-956B-74B205FD2739}.Debug|Any CPU.ActiveCfg = Debug|Any CPU
		{C8850A5A-C48E-4AA8-956B-74B205FD2739}.Debug|Any CPU.Build.0 = Debug|Any CPU
		{C8850A5A-C48E-4AA8-956B-74B205FD2739}.Release|Any CPU.ActiveCfg = Release|Any CPU
		{C8850A5A-C48E-4AA8-956B-74B205FD2739}.Release|Any CPU.Build.0 = Release|Any CPU
		{EA1F94C4-24CF-4BFD-B477-EC5110820D23}.Debug|Any CPU.ActiveCfg = Debug|Any CPU
		{EA1F94C4-24CF-4BFD-B477-EC5110820D23}.Debug|Any CPU.Build.0 = Debug|Any CPU
		{EA1F94C4-24CF-4BFD-B477-EC5110820D23}.Release|Any CPU.ActiveCfg = Release|Any CPU
		{EA1F94C4-24CF-4BFD-B477-EC5110820D23}.Release|Any CPU.Build.0 = Release|Any CPU
		{370EBB6B-D646-42B8-83F8-46654261EDF5}.Debug|Any CPU.ActiveCfg = Debug|Any CPU
		{370EBB6B-D646-42B8-83F8-46654261EDF5}.Debug|Any CPU.Build.0 = Debug|Any CPU
		{370EBB6B-D646-42B8-83F8-46654261EDF5}.Release|Any CPU.ActiveCfg = Release|Any CPU
		{370EBB6B-D646-42B8-83F8-46654261EDF5}.Release|Any CPU.Build.0 = Release|Any CPU
	EndGlobalSection
	GlobalSection(NestedProjects) = preSolution
		{6B25E8BF-6F2B-4866-9BBF-5B3592A36BCB} = {11311BCA-8D68-48F1-8907-B49152A3B83B}
		{D455E681-9370-406C-BB2C-FE947A190D2C} = {11311BCA-8D68-48F1-8907-B49152A3B83B}
		{C8850A5A-C48E-4AA8-956B-74B205FD2739} = {E766B542-B628-488D-8C28-DBC95C68F2F2}
		{EA1F94C4-24CF-4BFD-B477-EC5110820D23} = {11311BCA-8D68-48F1-8907-B49152A3B83B}
		{370EBB6B-D646-42B8-83F8-46654261EDF5} = {11311BCA-8D68-48F1-8907-B49152A3B83B}
	EndGlobalSection
EndGlobal
